// !$*UTF8*$!
{
	archiveVersion = 1;
	classes = {
	};
	objectVersion = 77;
	objects = {

/* Begin PBXBuildFile section */
		015C1384135126F4ACB4D9FB /* HouseholdSharingService.swift in Sources */ = {isa = PBXBuildFile; fileRef = 1D8AEE7E3AA90CC1141D3835 /* HouseholdSharingService.swift */; };
		03F2AF8F2DBE4059A9C5AB3A /* TaskSuggestionCatalog.swift in Sources */ = {isa = PBXBuildFile; fileRef = B274E348F39A92986FB63B36 /* TaskSuggestionCatalog.swift */; };
		08BFD40ADFF1DFC133A2295C /* Models.swift in Sources */ = {isa = PBXBuildFile; fileRef = 00B6C7017621D82B3E292F22 /* Models.swift */; };
		0CDE338DF763DB27F59B44B5 /* TaskEditorSheet.swift in Sources */ = {isa = PBXBuildFile; fileRef = 0E7B5BE18081741DA1416EB2 /* TaskEditorSheet.swift */; };
		119FFC47E7853263D69F0194 /* TidylyWidget.appex in Embed Foundation Extensions */ = {isa = PBXBuildFile; fileRef = B023C2A285E14CB2F54B29D3 /* TidylyWidget.appex */; settings = {ATTRIBUTES = (RemoveHeadersOnCopy, ); }; };
		14716EDE3CF2C8CB20F565F9 /* CloudShareAppDelegate.swift in Sources */ = {isa = PBXBuildFile; fileRef = B36508034700A1C7652C5839 /* CloudShareAppDelegate.swift */; };
		1A28BCEE3F093C44C715A877 /* SwiftDataModels.swift in Sources */ = {isa = PBXBuildFile; fileRef = A9C60C3187F4B3733EDEA82D /* SwiftDataModels.swift */; };
		21F7990BEB82628289E228C8 /* DatabaseService.swift in Sources */ = {isa = PBXBuildFile; fileRef = 11260A82BF61818E2AD8C021 /* DatabaseService.swift */; };
		2AB1000C9FE0479A0FDF88DD /* RoomEditorSheet.swift in Sources */ = {isa = PBXBuildFile; fileRef = 147AC17B53C28ABC2425FAA4 /* RoomEditorSheet.swift */; };
		2DB577963E9366DF1C21D2C8 /* WidgetSnapshot.swift in Sources */ = {isa = PBXBuildFile; fileRef = A041D2110075780EF7A964AA /* WidgetSnapshot.swift */; };
		381A68BF7B7FE8BDF9902264 /* NotificationService.swift in Sources */ = {isa = PBXBuildFile; fileRef = 56381DC50ADCB3A019625EA4 /* NotificationService.swift */; };
		3EFF062771CD299B16FE921E /* CloudSharingView.swift in Sources */ = {isa = PBXBuildFile; fileRef = 334D54A0C634C8FE24CA1E0D /* CloudSharingView.swift */; };
		40989158CA0A9529B7CF30E8 /* ActivityScreen.swift in Sources */ = {isa = PBXBuildFile; fileRef = 23D5A03F9712EE1B987B8EDA /* ActivityScreen.swift */; };
		471EF17138ED00670E66D834 /* RoomEditorSheet.swift in Sources */ = {isa = PBXBuildFile; fileRef = 147AC17B53C28ABC2425FAA4 /* RoomEditorSheet.swift */; };
		4D3AFB0A8D98BD1DE4DA2D2F /* TodayScreen.swift in Sources */ = {isa = PBXBuildFile; fileRef = 5E59DD89D3D6811FFBB65CD9 /* TodayScreen.swift */; };
		4DD53ADE1BF6E3F91C26D5B8 /* HouseholdSharingService.swift in Sources */ = {isa = PBXBuildFile; fileRef = 1D8AEE7E3AA90CC1141D3835 /* HouseholdSharingService.swift */; };
		4DFA36D9A08804859FE1BAEB /* TidylyBackup.swift in Sources */ = {isa = PBXBuildFile; fileRef = 42C03DD8A811CFE940AAFA5B /* TidylyBackup.swift */; };
		4F47456C7AEB0B5382FBC529 /* ProgressRing.swift in Sources */ = {isa = PBXBuildFile; fileRef = B3BB862A5339C5E41C91FDC7 /* ProgressRing.swift */; };
		53055C3BE7E833D27460BC66 /* SearchScreen.swift in Sources */ = {isa = PBXBuildFile; fileRef = 8A7B3851FDB82BB53CB54C21 /* SearchScreen.swift */; };
		58108ADB7637296F0A009F78 /* TidylyApp.swift in Sources */ = {isa = PBXBuildFile; fileRef = 572AFED675A083DBA923F783 /* TidylyApp.swift */; };
		5FCC305D7E82D4A07FCE355D /* ScheduleScreen.swift in Sources */ = {isa = PBXBuildFile; fileRef = 248093A0AC262017DB98AF7B /* ScheduleScreen.swift */; };
		611157D2F4B9C506F92C3C3D /* TodayScreen.swift in Sources */ = {isa = PBXBuildFile; fileRef = 5E59DD89D3D6811FFBB65CD9 /* TodayScreen.swift */; };
		6155E38CBB33A014B9200635 /* RoomsScreen.swift in Sources */ = {isa = PBXBuildFile; fileRef = 85588ED749B2015D6F77D53E /* RoomsScreen.swift */; };
		6599872A16008638F4C739F1 /* CloudShareAppDelegate.swift in Sources */ = {isa = PBXBuildFile; fileRef = B36508034700A1C7652C5839 /* CloudShareAppDelegate.swift */; };
		66417D85080136C56A42AAFA /* SettingsScreen.swift in Sources */ = {isa = PBXBuildFile; fileRef = 723779658F5BAADEBC5FCE84 /* SettingsScreen.swift */; };
		6B231CD5D3D2EB91789330C1 /* TidylyApp.swift in Sources */ = {isa = PBXBuildFile; fileRef = 572AFED675A083DBA923F783 /* TidylyApp.swift */; };
		6B6CC67A64FE6316456E79E5 /* EmptyStateView.swift in Sources */ = {isa = PBXBuildFile; fileRef = 2F1E1C00C9761E2CF5E38EA9 /* EmptyStateView.swift */; };
		6E5DC11AF5B6461A1F0C08FC /* Assets.xcassets in Resources */ = {isa = PBXBuildFile; fileRef = A208D29EF95DD408840E656C /* Assets.xcassets */; };
		6F080E9F3DDCE0B2CBD90D4B /* ProgressRing.swift in Sources */ = {isa = PBXBuildFile; fileRef = B3BB862A5339C5E41C91FDC7 /* ProgressRing.swift */; };
		741C23DA7155D491B713A4FC /* ScheduleScreen.swift in Sources */ = {isa = PBXBuildFile; fileRef = 248093A0AC262017DB98AF7B /* ScheduleScreen.swift */; };
		7488359AE14686580770EA02 /* Assets.xcassets in Resources */ = {isa = PBXBuildFile; fileRef = A208D29EF95DD408840E656C /* Assets.xcassets */; };
		74B648BE32834BA961B7C203 /* CloudTaskSyncService.swift in Sources */ = {isa = PBXBuildFile; fileRef = A59351DDC08FBFA4B65BD6DF /* CloudTaskSyncService.swift */; };
		7B06E9539C5C230996AFA426 /* ActivityScreen.swift in Sources */ = {isa = PBXBuildFile; fileRef = 23D5A03F9712EE1B987B8EDA /* ActivityScreen.swift */; };
		7F2B3B59FA15AE4479562353 /* CloudAccountService.swift in Sources */ = {isa = PBXBuildFile; fileRef = E44DCEFBAE00DFC4E8C36B2E /* CloudAccountService.swift */; };
		822B293145734D2F3E7E0CD6 /* DatabaseService.swift in Sources */ = {isa = PBXBuildFile; fileRef = 11260A82BF61818E2AD8C021 /* DatabaseService.swift */; };
		89B09C60FD300992DDDCE49A /* StatsScreen.swift in Sources */ = {isa = PBXBuildFile; fileRef = CB7A34221C60A2CF5FA6705B /* StatsScreen.swift */; };
		9090918F07004E2030008094 /* SettingsScreen.swift in Sources */ = {isa = PBXBuildFile; fileRef = 723779658F5BAADEBC5FCE84 /* SettingsScreen.swift */; };
		934E6C01E62576F944B20408 /* TaskSuggestionCatalog.swift in Sources */ = {isa = PBXBuildFile; fileRef = B274E348F39A92986FB63B36 /* TaskSuggestionCatalog.swift */; };
		976AD49B2AA947D4425B3A25 /* CloudTaskSyncService.swift in Sources */ = {isa = PBXBuildFile; fileRef = A59351DDC08FBFA4B65BD6DF /* CloudTaskSyncService.swift */; };
		980446B8B22C3EF83081C195 /* TidylyBackup.swift in Sources */ = {isa = PBXBuildFile; fileRef = 42C03DD8A811CFE940AAFA5B /* TidylyBackup.swift */; };
		9C209F12CA76D1FCED4C970F /* TaskEditorSheet.swift in Sources */ = {isa = PBXBuildFile; fileRef = 0E7B5BE18081741DA1416EB2 /* TaskEditorSheet.swift */; };
		9E515DA40585C4D52AECEA59 /* SwiftDataModels.swift in Sources */ = {isa = PBXBuildFile; fileRef = A9C60C3187F4B3733EDEA82D /* SwiftDataModels.swift */; };
		A1254822875E6369710241A5 /* CloudAccountService.swift in Sources */ = {isa = PBXBuildFile; fileRef = E44DCEFBAE00DFC4E8C36B2E /* CloudAccountService.swift */; };
		A957BCEA33D01B9C1D46EF26 /* RoomProgressCard.swift in Sources */ = {isa = PBXBuildFile; fileRef = 2DFD7F273682FAC03EF1B1C2 /* RoomProgressCard.swift */; };
		B5BF58B3A0277BB7835369A8 /* RoomProgressCard.swift in Sources */ = {isa = PBXBuildFile; fileRef = 2DFD7F273682FAC03EF1B1C2 /* RoomProgressCard.swift */; };
		B66BBAE485B1739B4BF1B011 /* TidylyWidget.swift in Sources */ = {isa = PBXBuildFile; fileRef = 1557D62B2ED22CD8B77A43C0 /* TidylyWidget.swift */; };
		C3BF6B17E9DDEA6C9EC0A352 /* WidgetSnapshot.swift in Sources */ = {isa = PBXBuildFile; fileRef = A041D2110075780EF7A964AA /* WidgetSnapshot.swift */; };
		C7DA428DC7E23E2865939577 /* Theme.swift in Sources */ = {isa = PBXBuildFile; fileRef = AEA515DD10A4329588D95F6F /* Theme.swift */; };
		CA6BC9292250A6CB4FC1D4C7 /* Models.swift in Sources */ = {isa = PBXBuildFile; fileRef = 00B6C7017621D82B3E292F22 /* Models.swift */; };
		D9B88583E62321406C1663C8 /* TidylyWidget.appex in Embed Foundation Extensions */ = {isa = PBXBuildFile; fileRef = B023C2A285E14CB2F54B29D3 /* TidylyWidget.appex */; settings = {ATTRIBUTES = (RemoveHeadersOnCopy, ); }; };
		DB42848CF923CA7BBFF334FE /* EmptyStateView.swift in Sources */ = {isa = PBXBuildFile; fileRef = 2F1E1C00C9761E2CF5E38EA9 /* EmptyStateView.swift */; };
		E137C6CD843CB2752C060BC0 /* SearchScreen.swift in Sources */ = {isa = PBXBuildFile; fileRef = 8A7B3851FDB82BB53CB54C21 /* SearchScreen.swift */; };
		E42AF48787675B85BF34EA76 /* CloudSharingView.swift in Sources */ = {isa = PBXBuildFile; fileRef = 334D54A0C634C8FE24CA1E0D /* CloudSharingView.swift */; };
		E6F476EAB251ED98A6CA87BC /* RoomsScreen.swift in Sources */ = {isa = PBXBuildFile; fileRef = 85588ED749B2015D6F77D53E /* RoomsScreen.swift */; };
		EA942605C00D03D758F4F416 /* Theme.swift in Sources */ = {isa = PBXBuildFile; fileRef = AEA515DD10A4329588D95F6F /* Theme.swift */; };
		EABA261F9AB35961AAC7AFA3 /* NotificationService.swift in Sources */ = {isa = PBXBuildFile; fileRef = 56381DC50ADCB3A019625EA4 /* NotificationService.swift */; };
		EB5D84B7299C81852A17BE53 /* TaskCardView.swift in Sources */ = {isa = PBXBuildFile; fileRef = 09805172D5C277CEF3C0BA35 /* TaskCardView.swift */; };
		EC89637DE6E7938BAA856861 /* StatsScreen.swift in Sources */ = {isa = PBXBuildFile; fileRef = CB7A34221C60A2CF5FA6705B /* StatsScreen.swift */; };
		F1523AD810903FFBDB82F984 /* WidgetSnapshot.swift in Sources */ = {isa = PBXBuildFile; fileRef = A041D2110075780EF7A964AA /* WidgetSnapshot.swift */; };
		FC0BB59D3A5320CAB3E6417E /* TaskCardView.swift in Sources */ = {isa = PBXBuildFile; fileRef = 09805172D5C277CEF3C0BA35 /* TaskCardView.swift */; };
/* End PBXBuildFile section */

/* Begin PBXContainerItemProxy section */
		F4E3B64F506B712D43815D32 /* PBXContainerItemProxy */ = {
			isa = PBXContainerItemProxy;
			containerPortal = C0EE67B4E6239BA8FF127D6E /* Project object */;
			proxyType = 1;
			remoteGlobalIDString = 298F99E2A7458C78FA60048D;
			remoteInfo = TidylyWidget;
		};
		F66DE590D29B7BE06E4C977B /* PBXContainerItemProxy */ = {
			isa = PBXContainerItemProxy;
			containerPortal = C0EE67B4E6239BA8FF127D6E /* Project object */;
			proxyType = 1;
			remoteGlobalIDString = 298F99E2A7458C78FA60048D;
			remoteInfo = TidylyWidget;
		};
/* End PBXContainerItemProxy section */

/* Begin PBXCopyFilesBuildPhase section */
		10A9E60B83FA70A49F112602 /* Embed Foundation Extensions */ = {
			isa = PBXCopyFilesBuildPhase;
			buildActionMask = 2147483647;
			dstPath = "";
			dstSubfolderSpec = 13;
			files = (
				D9B88583E62321406C1663C8 /* TidylyWidget.appex in Embed Foundation Extensions */,
			);
			name = "Embed Foundation Extensions";
			runOnlyForDeploymentPostprocessing = 0;
		};
		93C237DE656847E2A52D4E69 /* Embed Foundation Extensions */ = {
			isa = PBXCopyFilesBuildPhase;
			buildActionMask = 2147483647;
			dstPath = "";
			dstSubfolderSpec = 13;
			files = (
				119FFC47E7853263D69F0194 /* TidylyWidget.appex in Embed Foundation Extensions */,
			);
			name = "Embed Foundation Extensions";
			runOnlyForDeploymentPostprocessing = 0;
		};
/* End PBXCopyFilesBuildPhase section */

/* Begin PBXFileReference section */
		00B6C7017621D82B3E292F22 /* Models.swift */ = {isa = PBXFileReference; lastKnownFileType = sourcecode.swift; path = Models.swift; sourceTree = "<group>"; };
		09805172D5C277CEF3C0BA35 /* TaskCardView.swift */ = {isa = PBXFileReference; lastKnownFileType = sourcecode.swift; path = TaskCardView.swift; sourceTree = "<group>"; };
		0E7B5BE18081741DA1416EB2 /* TaskEditorSheet.swift */ = {isa = PBXFileReference; lastKnownFileType = sourcecode.swift; path = TaskEditorSheet.swift; sourceTree = "<group>"; };
		11260A82BF61818E2AD8C021 /* DatabaseService.swift */ = {isa = PBXFileReference; lastKnownFileType = sourcecode.swift; path = DatabaseService.swift; sourceTree = "<group>"; };
		147AC17B53C28ABC2425FAA4 /* RoomEditorSheet.swift */ = {isa = PBXFileReference; lastKnownFileType = sourcecode.swift; path = RoomEditorSheet.swift; sourceTree = "<group>"; };
		1557D62B2ED22CD8B77A43C0 /* TidylyWidget.swift */ = {isa = PBXFileReference; lastKnownFileType = sourcecode.swift; path = TidylyWidget.swift; sourceTree = "<group>"; };
		1D8AEE7E3AA90CC1141D3835 /* HouseholdSharingService.swift */ = {isa = PBXFileReference; lastKnownFileType = sourcecode.swift; path = HouseholdSharingService.swift; sourceTree = "<group>"; };
		23D5A03F9712EE1B987B8EDA /* ActivityScreen.swift */ = {isa = PBXFileReference; lastKnownFileType = sourcecode.swift; path = ActivityScreen.swift; sourceTree = "<group>"; };
		248093A0AC262017DB98AF7B /* ScheduleScreen.swift */ = {isa = PBXFileReference; lastKnownFileType = sourcecode.swift; path = ScheduleScreen.swift; sourceTree = "<group>"; };
		2DFD7F273682FAC03EF1B1C2 /* RoomProgressCard.swift */ = {isa = PBXFileReference; lastKnownFileType = sourcecode.swift; path = RoomProgressCard.swift; sourceTree = "<group>"; };
		2F1E1C00C9761E2CF5E38EA9 /* EmptyStateView.swift */ = {isa = PBXFileReference; lastKnownFileType = sourcecode.swift; path = EmptyStateView.swift; sourceTree = "<group>"; };
		334D54A0C634C8FE24CA1E0D /* CloudSharingView.swift */ = {isa = PBXFileReference; lastKnownFileType = sourcecode.swift; path = CloudSharingView.swift; sourceTree = "<group>"; };
		42C03DD8A811CFE940AAFA5B /* TidylyBackup.swift */ = {isa = PBXFileReference; lastKnownFileType = sourcecode.swift; path = TidylyBackup.swift; sourceTree = "<group>"; };
		56381DC50ADCB3A019625EA4 /* NotificationService.swift */ = {isa = PBXFileReference; lastKnownFileType = sourcecode.swift; path = NotificationService.swift; sourceTree = "<group>"; };
		56540A6B0CDEF726B3488311 /* Tidyly.entitlements */ = {isa = PBXFileReference; lastKnownFileType = text.plist.entitlements; path = Tidyly.entitlements; sourceTree = "<group>"; };
		572AFED675A083DBA923F783 /* TidylyApp.swift */ = {isa = PBXFileReference; lastKnownFileType = sourcecode.swift; path = TidylyApp.swift; sourceTree = "<group>"; };
		5E59DD89D3D6811FFBB65CD9 /* TodayScreen.swift */ = {isa = PBXFileReference; lastKnownFileType = sourcecode.swift; path = TodayScreen.swift; sourceTree = "<group>"; };
		723779658F5BAADEBC5FCE84 /* SettingsScreen.swift */ = {isa = PBXFileReference; lastKnownFileType = sourcecode.swift; path = SettingsScreen.swift; sourceTree = "<group>"; };
		85588ED749B2015D6F77D53E /* RoomsScreen.swift */ = {isa = PBXFileReference; lastKnownFileType = sourcecode.swift; path = RoomsScreen.swift; sourceTree = "<group>"; };
		8A7B3851FDB82BB53CB54C21 /* SearchScreen.swift */ = {isa = PBXFileReference; lastKnownFileType = sourcecode.swift; path = SearchScreen.swift; sourceTree = "<group>"; };
		A041D2110075780EF7A964AA /* WidgetSnapshot.swift */ = {isa = PBXFileReference; lastKnownFileType = sourcecode.swift; path = WidgetSnapshot.swift; sourceTree = "<group>"; };
		A208D29EF95DD408840E656C /* Assets.xcassets */ = {isa = PBXFileReference; lastKnownFileType = folder.assetcatalog; path = Assets.xcassets; sourceTree = "<group>"; };
		A59351DDC08FBFA4B65BD6DF /* CloudTaskSyncService.swift */ = {isa = PBXFileReference; lastKnownFileType = sourcecode.swift; path = CloudTaskSyncService.swift; sourceTree = "<group>"; };
		A9C60C3187F4B3733EDEA82D /* SwiftDataModels.swift */ = {isa = PBXFileReference; lastKnownFileType = sourcecode.swift; path = SwiftDataModels.swift; sourceTree = "<group>"; };
		AEA515DD10A4329588D95F6F /* Theme.swift */ = {isa = PBXFileReference; lastKnownFileType = sourcecode.swift; path = Theme.swift; sourceTree = "<group>"; };
		B023C2A285E14CB2F54B29D3 /* TidylyWidget.appex */ = {isa = PBXFileReference; includeInIndex = 0; lastKnownFileType = "wrapper.app-extension"; path = TidylyWidget.appex; sourceTree = BUILT_PRODUCTS_DIR; };
		B274E348F39A92986FB63B36 /* TaskSuggestionCatalog.swift */ = {isa = PBXFileReference; lastKnownFileType = sourcecode.swift; path = TaskSuggestionCatalog.swift; sourceTree = "<group>"; };
		B36508034700A1C7652C5839 /* CloudShareAppDelegate.swift */ = {isa = PBXFileReference; lastKnownFileType = sourcecode.swift; path = CloudShareAppDelegate.swift; sourceTree = "<group>"; };
		B3BB862A5339C5E41C91FDC7 /* ProgressRing.swift */ = {isa = PBXFileReference; lastKnownFileType = sourcecode.swift; path = ProgressRing.swift; sourceTree = "<group>"; };
		CB7A34221C60A2CF5FA6705B /* StatsScreen.swift */ = {isa = PBXFileReference; lastKnownFileType = sourcecode.swift; path = StatsScreen.swift; sourceTree = "<group>"; };
		E0A383BAF8524B570F3FB6F5 /* Tidyly.app */ = {isa = PBXFileReference; explicitFileType = wrapper.application; includeInIndex = 0; path = Tidyly.app; sourceTree = BUILT_PRODUCTS_DIR; };
		E44DCEFBAE00DFC4E8C36B2E /* CloudAccountService.swift */ = {isa = PBXFileReference; lastKnownFileType = sourcecode.swift; path = CloudAccountService.swift; sourceTree = "<group>"; };
		FEFEA93D113A1A4292159841 /* Tidyly.app */ = {isa = PBXFileReference; includeInIndex = 0; lastKnownFileType = wrapper.application; path = Tidyly.app; sourceTree = BUILT_PRODUCTS_DIR; };
/* End PBXFileReference section */

/* Begin PBXGroup section */
		056D95D3DE1A2AD8015A7A23 /* Components */ = {
			isa = PBXGroup;
			children = (
				334D54A0C634C8FE24CA1E0D /* CloudSharingView.swift */,
				2F1E1C00C9761E2CF5E38EA9 /* EmptyStateView.swift */,
				B3BB862A5339C5E41C91FDC7 /* ProgressRing.swift */,
				147AC17B53C28ABC2425FAA4 /* RoomEditorSheet.swift */,
				2DFD7F273682FAC03EF1B1C2 /* RoomProgressCard.swift */,
				09805172D5C277CEF3C0BA35 /* TaskCardView.swift */,
				0E7B5BE18081741DA1416EB2 /* TaskEditorSheet.swift */,
			);
			path = Components;
			sourceTree = "<group>";
		};
		082A2728BB136710A57AB501 /* Schedule */ = {
			isa = PBXGroup;
			children = (
				248093A0AC262017DB98AF7B /* ScheduleScreen.swift */,
			);
			path = Schedule;
			sourceTree = "<group>";
		};
		08D4F50CED3F149653BC9757 /* Theme */ = {
			isa = PBXGroup;
			children = (
				AEA515DD10A4329588D95F6F /* Theme.swift */,
			);
			path = Theme;
			sourceTree = "<group>";
		};
		0D0B6E9BCB657326F20D0F02 = {
			isa = PBXGroup;
			children = (
				710FF7F0946E9474D2744833 /* Tidyly */,
				9D4904FCA80578CA5FDA2ECD /* TidylyWidget */,
				F50FC2F91B2FAFCECCE681D4 /* Products */,
			);
			sourceTree = "<group>";
		};
		326FC16C4750F17E05A79DCA /* Models */ = {
			isa = PBXGroup;
			children = (
				00B6C7017621D82B3E292F22 /* Models.swift */,
				A9C60C3187F4B3733EDEA82D /* SwiftDataModels.swift */,
				B274E348F39A92986FB63B36 /* TaskSuggestionCatalog.swift */,
				42C03DD8A811CFE940AAFA5B /* TidylyBackup.swift */,
				A041D2110075780EF7A964AA /* WidgetSnapshot.swift */,
			);
			path = Models;
			sourceTree = "<group>";
		};
		3628D19E3917D78FA2F8AC3D /* Services */ = {
			isa = PBXGroup;
			children = (
				E44DCEFBAE00DFC4E8C36B2E /* CloudAccountService.swift */,
				B36508034700A1C7652C5839 /* CloudShareAppDelegate.swift */,
				A59351DDC08FBFA4B65BD6DF /* CloudTaskSyncService.swift */,
				11260A82BF61818E2AD8C021 /* DatabaseService.swift */,
				1D8AEE7E3AA90CC1141D3835 /* HouseholdSharingService.swift */,
				56381DC50ADCB3A019625EA4 /* NotificationService.swift */,
			);
			path = Services;
			sourceTree = "<group>";
		};
		39A51F0117C1DA548E613447 /* Today */ = {
			isa = PBXGroup;
			children = (
				5E59DD89D3D6811FFBB65CD9 /* TodayScreen.swift */,
			);
			path = Today;
			sourceTree = "<group>";
		};
		710FF7F0946E9474D2744833 /* Tidyly */ = {
			isa = PBXGroup;
			children = (
				A208D29EF95DD408840E656C /* Assets.xcassets */,
				56540A6B0CDEF726B3488311 /* Tidyly.entitlements */,
				572AFED675A083DBA923F783 /* TidylyApp.swift */,
				056D95D3DE1A2AD8015A7A23 /* Components */,
				326FC16C4750F17E05A79DCA /* Models */,
				9EF4253FEC436EA1AFFBDEC7 /* Screens */,
				3628D19E3917D78FA2F8AC3D /* Services */,
				08D4F50CED3F149653BC9757 /* Theme */,
			);
			path = Tidyly;
			sourceTree = "<group>";
		};
		9D4904FCA80578CA5FDA2ECD /* TidylyWidget */ = {
			isa = PBXGroup;
			children = (
				1557D62B2ED22CD8B77A43C0 /* TidylyWidget.swift */,
			);
			path = TidylyWidget;
			sourceTree = "<group>";
		};
		9EF4253FEC436EA1AFFBDEC7 /* Screens */ = {
			isa = PBXGroup;
			children = (
				D14D797F93C39C5793FF1D3B /* Activity */,
				BF26D4D64E6F93067EAC7A46 /* Rooms */,
				082A2728BB136710A57AB501 /* Schedule */,
				F580A8711544931FAE80FADB /* Search */,
				DAC045E033EB81BA2462855D /* Settings */,
				F5C3AA1B7F42A7423A7D6ADA /* Stats */,
				39A51F0117C1DA548E613447 /* Today */,
			);
			path = Screens;
			sourceTree = "<group>";
		};
		BF26D4D64E6F93067EAC7A46 /* Rooms */ = {
			isa = PBXGroup;
			children = (
				85588ED749B2015D6F77D53E /* RoomsScreen.swift */,
			);
			path = Rooms;
			sourceTree = "<group>";
		};
		D14D797F93C39C5793FF1D3B /* Activity */ = {
			isa = PBXGroup;
			children = (
				23D5A03F9712EE1B987B8EDA /* ActivityScreen.swift */,
			);
			path = Activity;
			sourceTree = "<group>";
		};
		DAC045E033EB81BA2462855D /* Settings */ = {
			isa = PBXGroup;
			children = (
				723779658F5BAADEBC5FCE84 /* SettingsScreen.swift */,
			);
			path = Settings;
			sourceTree = "<group>";
		};
		F50FC2F91B2FAFCECCE681D4 /* Products */ = {
			isa = PBXGroup;
			children = (
				FEFEA93D113A1A4292159841 /* Tidyly.app */,
				E0A383BAF8524B570F3FB6F5 /* Tidyly.app */,
				B023C2A285E14CB2F54B29D3 /* TidylyWidget.appex */,
			);
			name = Products;
			sourceTree = "<group>";
		};
		F580A8711544931FAE80FADB /* Search */ = {
			isa = PBXGroup;
			children = (
				8A7B3851FDB82BB53CB54C21 /* SearchScreen.swift */,
			);
			path = Search;
			sourceTree = "<group>";
		};
		F5C3AA1B7F42A7423A7D6ADA /* Stats */ = {
			isa = PBXGroup;
			children = (
				CB7A34221C60A2CF5FA6705B /* StatsScreen.swift */,
			);
			path = Stats;
			sourceTree = "<group>";
		};
/* End PBXGroup section */

/* Begin PBXNativeTarget section */
		298F99E2A7458C78FA60048D /* TidylyWidget */ = {
			isa = PBXNativeTarget;
			buildConfigurationList = BFCF86E0725422A272A47AE5 /* Build configuration list for PBXNativeTarget "TidylyWidget" */;
			buildPhases = (
				425E84ED4BDC87B4BDB2F299 /* Sources */,
			);
			buildRules = (
			);
			dependencies = (
			);
			name = TidylyWidget;
			packageProductDependencies = (
			);
			productName = TidylyWidget;
			productReference = B023C2A285E14CB2F54B29D3 /* TidylyWidget.appex */;
			productType = "com.apple.product-type.app-extension";
		};
		5F45A4B3B89A6D977BD0F612 /* Tidyly_iOS */ = {
			isa = PBXNativeTarget;
			buildConfigurationList = AC26F4DF41506B47496149A2 /* Build configuration list for PBXNativeTarget "Tidyly_iOS" */;
			buildPhases = (
				6257B369EB2991FF2867D312 /* Sources */,
				C5849F06A768CF150FD0E4A0 /* Resources */,
				10A9E60B83FA70A49F112602 /* Embed Foundation Extensions */,
			);
			buildRules = (
			);
			dependencies = (
				B7429547B00650C550F6FD34 /* PBXTargetDependency */,
			);
			name = Tidyly_iOS;
			packageProductDependencies = (
			);
			productName = Tidyly_iOS;
			productReference = FEFEA93D113A1A4292159841 /* Tidyly.app */;
			productType = "com.apple.product-type.application";
		};
		996459CE6E6A6DDE2E13FCC6 /* Tidyly_macOS */ = {
			isa = PBXNativeTarget;
			buildConfigurationList = B500618DAA9F15EFC4AABE61 /* Build configuration list for PBXNativeTarget "Tidyly_macOS" */;
			buildPhases = (
				45B37CE54FE114EB022ABCC5 /* Sources */,
				9DE5C78963E18C16ADC7E0D0 /* Resources */,
				93C237DE656847E2A52D4E69 /* Embed Foundation Extensions */,
			);
			buildRules = (
			);
			dependencies = (
				9121B9D6A992E17BE5D5589E /* PBXTargetDependency */,
			);
			name = Tidyly_macOS;
			packageProductDependencies = (
			);
			productName = Tidyly_macOS;
			productReference = E0A383BAF8524B570F3FB6F5 /* Tidyly.app */;
			productType = "com.apple.product-type.application";
		};
/* End PBXNativeTarget section */

/* Begin PBXProject section */
		C0EE67B4E6239BA8FF127D6E /* Project object */ = {
			isa = PBXProject;
			attributes = {
				BuildIndependentTargetsInParallel = YES;
				LastUpgradeCheck = 1430;
				TargetAttributes = {
					298F99E2A7458C78FA60048D = {
						DevelopmentTeam = VS4RFZ5734;
						ProvisioningStyle = Automatic;
					};
					5F45A4B3B89A6D977BD0F612 = {
						DevelopmentTeam = VS4RFZ5734;
						ProvisioningStyle = Automatic;
					};
					996459CE6E6A6DDE2E13FCC6 = {
						DevelopmentTeam = VS4RFZ5734;
						ProvisioningStyle = Automatic;
					};
				};
			};
			buildConfigurationList = 301B30783F6D6E77DD1D834D /* Build configuration list for PBXProject "Tidyly" */;
			developmentRegion = en;
			hasScannedForEncodings = 0;
			knownRegions = (
				Base,
				en,
			);
			mainGroup = 0D0B6E9BCB657326F20D0F02;
			minimizedProjectReferenceProxies = 1;
			preferredProjectObjectVersion = 77;
			productRefGroup = F50FC2F91B2FAFCECCE681D4 /* Products */;
			projectDirPath = "";
			projectRoot = "";
			targets = (
				5F45A4B3B89A6D977BD0F612 /* Tidyly_iOS */,
				996459CE6E6A6DDE2E13FCC6 /* Tidyly_macOS */,
				298F99E2A7458C78FA60048D /* TidylyWidget */,
			);
		};
/* End PBXProject section */

/* Begin PBXResourcesBuildPhase section */
		9DE5C78963E18C16ADC7E0D0 /* Resources */ = {
			isa = PBXResourcesBuildPhase;
			buildActionMask = 2147483647;
			files = (
				7488359AE14686580770EA02 /* Assets.xcassets in Resources */,
			);
			runOnlyForDeploymentPostprocessing = 0;
		};
		C5849F06A768CF150FD0E4A0 /* Resources */ = {
			isa = PBXResourcesBuildPhase;
			buildActionMask = 2147483647;
			files = (
				6E5DC11AF5B6461A1F0C08FC /* Assets.xcassets in Resources */,
			);
			runOnlyForDeploymentPostprocessing = 0;
		};
/* End PBXResourcesBuildPhase section */

/* Begin PBXSourcesBuildPhase section */
		425E84ED4BDC87B4BDB2F299 /* Sources */ = {
			isa = PBXSourcesBuildPhase;
			buildActionMask = 2147483647;
			files = (
				B66BBAE485B1739B4BF1B011 /* TidylyWidget.swift in Sources */,
				C3BF6B17E9DDEA6C9EC0A352 /* WidgetSnapshot.swift in Sources */,
			);
			runOnlyForDeploymentPostprocessing = 0;
		};
		45B37CE54FE114EB022ABCC5 /* Sources */ = {
			isa = PBXSourcesBuildPhase;
			buildActionMask = 2147483647;
			files = (
				7B06E9539C5C230996AFA426 /* ActivityScreen.swift in Sources */,
				7F2B3B59FA15AE4479562353 /* CloudAccountService.swift in Sources */,
				14716EDE3CF2C8CB20F565F9 /* CloudShareAppDelegate.swift in Sources */,
				E42AF48787675B85BF34EA76 /* CloudSharingView.swift in Sources */,
				976AD49B2AA947D4425B3A25 /* CloudTaskSyncService.swift in Sources */,
				21F7990BEB82628289E228C8 /* DatabaseService.swift in Sources */,
				DB42848CF923CA7BBFF334FE /* EmptyStateView.swift in Sources */,
				015C1384135126F4ACB4D9FB /* HouseholdSharingService.swift in Sources */,
				08BFD40ADFF1DFC133A2295C /* Models.swift in Sources */,
				381A68BF7B7FE8BDF9902264 /* NotificationService.swift in Sources */,
				6F080E9F3DDCE0B2CBD90D4B /* ProgressRing.swift in Sources */,
				2AB1000C9FE0479A0FDF88DD /* RoomEditorSheet.swift in Sources */,
				B5BF58B3A0277BB7835369A8 /* RoomProgressCard.swift in Sources */,
				6155E38CBB33A014B9200635 /* RoomsScreen.swift in Sources */,
				741C23DA7155D491B713A4FC /* ScheduleScreen.swift in Sources */,
				E137C6CD843CB2752C060BC0 /* SearchScreen.swift in Sources */,
				9090918F07004E2030008094 /* SettingsScreen.swift in Sources */,
				EC89637DE6E7938BAA856861 /* StatsScreen.swift in Sources */,
				1A28BCEE3F093C44C715A877 /* SwiftDataModels.swift in Sources */,
				FC0BB59D3A5320CAB3E6417E /* TaskCardView.swift in Sources */,
				9C209F12CA76D1FCED4C970F /* TaskEditorSheet.swift in Sources */,
				03F2AF8F2DBE4059A9C5AB3A /* TaskSuggestionCatalog.swift in Sources */,
				EA942605C00D03D758F4F416 /* Theme.swift in Sources */,
				58108ADB7637296F0A009F78 /* TidylyApp.swift in Sources */,
				980446B8B22C3EF83081C195 /* TidylyBackup.swift in Sources */,
				611157D2F4B9C506F92C3C3D /* TodayScreen.swift in Sources */,
				2DB577963E9366DF1C21D2C8 /* WidgetSnapshot.swift in Sources */,
			);
			runOnlyForDeploymentPostprocessing = 0;
		};
		6257B369EB2991FF2867D312 /* Sources */ = {
			isa = PBXSourcesBuildPhase;
			buildActionMask = 2147483647;
			files = (
				40989158CA0A9529B7CF30E8 /* ActivityScreen.swift in Sources */,
				A1254822875E6369710241A5 /* CloudAccountService.swift in Sources */,
				6599872A16008638F4C739F1 /* CloudShareAppDelegate.swift in Sources */,
				3EFF062771CD299B16FE921E /* CloudSharingView.swift in Sources */,
				74B648BE32834BA961B7C203 /* CloudTaskSyncService.swift in Sources */,
				822B293145734D2F3E7E0CD6 /* DatabaseService.swift in Sources */,
				6B6CC67A64FE6316456E79E5 /* EmptyStateView.swift in Sources */,
				4DD53ADE1BF6E3F91C26D5B8 /* HouseholdSharingService.swift in Sources */,
				CA6BC9292250A6CB4FC1D4C7 /* Models.swift in Sources */,
				EABA261F9AB35961AAC7AFA3 /* NotificationService.swift in Sources */,
				4F47456C7AEB0B5382FBC529 /* ProgressRing.swift in Sources */,
				471EF17138ED00670E66D834 /* RoomEditorSheet.swift in Sources */,
				A957BCEA33D01B9C1D46EF26 /* RoomProgressCard.swift in Sources */,
				E6F476EAB251ED98A6CA87BC /* RoomsScreen.swift in Sources */,
				5FCC305D7E82D4A07FCE355D /* ScheduleScreen.swift in Sources */,
				53055C3BE7E833D27460BC66 /* SearchScreen.swift in Sources */,
				66417D85080136C56A42AAFA /* SettingsScreen.swift in Sources */,
				89B09C60FD300992DDDCE49A /* StatsScreen.swift in Sources */,
				9E515DA40585C4D52AECEA59 /* SwiftDataModels.swift in Sources */,
				EB5D84B7299C81852A17BE53 /* TaskCardView.swift in Sources */,
				0CDE338DF763DB27F59B44B5 /* TaskEditorSheet.swift in Sources */,
				934E6C01E62576F944B20408 /* TaskSuggestionCatalog.swift in Sources */,
				C7DA428DC7E23E2865939577 /* Theme.swift in Sources */,
				6B231CD5D3D2EB91789330C1 /* TidylyApp.swift in Sources */,
				4DFA36D9A08804859FE1BAEB /* TidylyBackup.swift in Sources */,
				4D3AFB0A8D98BD1DE4DA2D2F /* TodayScreen.swift in Sources */,
				F1523AD810903FFBDB82F984 /* WidgetSnapshot.swift in Sources */,
			);
			runOnlyForDeploymentPostprocessing = 0;
		};
/* End PBXSourcesBuildPhase section */

/* Begin PBXTargetDependency section */
		9121B9D6A992E17BE5D5589E /* PBXTargetDependency */ = {
			isa = PBXTargetDependency;
			target = 298F99E2A7458C78FA60048D /* TidylyWidget */;
			targetProxy = F66DE590D29B7BE06E4C977B /* PBXContainerItemProxy */;
		};
		B7429547B00650C550F6FD34 /* PBXTargetDependency */ = {
			isa = PBXTargetDependency;
			target = 298F99E2A7458C78FA60048D /* TidylyWidget */;
			targetProxy = F4E3B64F506B712D43815D32 /* PBXContainerItemProxy */;
		};
/* End PBXTargetDependency section */

/* Begin XCBuildConfiguration section */
		231814527E60DE83F7B0AD3F /* Release */ = {
			isa = XCBuildConfiguration;
			buildSettings = {
				ALWAYS_SEARCH_USER_PATHS = NO;
				CLANG_ANALYZER_NONNULL = YES;
				CLANG_ANALYZER_NUMBER_OBJECT_CONVERSION = YES_AGGRESSIVE;
				CLANG_CXX_LANGUAGE_STANDARD = "gnu++14";
				CLANG_CXX_LIBRARY = "libc++";
				CLANG_ENABLE_MODULES = YES;
				CLANG_ENABLE_OBJC_ARC = YES;
				CLANG_ENABLE_OBJC_WEAK = YES;
				CLANG_WARN_BLOCK_CAPTURE_AUTORELEASING = YES;
				CLANG_WARN_BOOL_CONVERSION = YES;
				CLANG_WARN_COMMA = YES;
				CLANG_WARN_CONSTANT_CONVERSION = YES;
				CLANG_WARN_DEPRECATED_OBJC_IMPLEMENTATIONS = YES;
				CLANG_WARN_DIRECT_OBJC_ISA_USAGE = YES_ERROR;
				CLANG_WARN_DOCUMENTATION_COMMENTS = YES;
				CLANG_WARN_EMPTY_BODY = YES;
				CLANG_WARN_ENUM_CONVERSION = YES;
				CLANG_WARN_INFINITE_RECURSION = YES;
				CLANG_WARN_INT_CONVERSION = YES;
				CLANG_WARN_NON_LITERAL_NULL_CONVERSION = YES;
				CLANG_WARN_OBJC_IMPLICIT_RETAIN_SELF = YES;
				CLANG_WARN_OBJC_LITERAL_CONVERSION = YES;
				CLANG_WARN_OBJC_ROOT_CLASS = YES_ERROR;
				CLANG_WARN_QUOTED_INCLUDE_IN_FRAMEWORK_HEADER = YES;
				CLANG_WARN_RANGE_LOOP_ANALYSIS = YES;
				CLANG_WARN_STRICT_PROTOTYPES = YES;
				CLANG_WARN_SUSPICIOUS_MOVE = YES;
				CLANG_WARN_UNGUARDED_AVAILABILITY = YES_AGGRESSIVE;
				CLANG_WARN_UNREACHABLE_CODE = YES;
				CLANG_WARN__DUPLICATE_METHOD_MATCH = YES;
				COPY_PHASE_STRIP = NO;
				CURRENT_PROJECT_VERSION = 4;
				DEBUG_INFORMATION_FORMAT = "dwarf-with-dsym";
				ENABLE_NS_ASSERTIONS = NO;
				ENABLE_STRICT_OBJC_MSGSEND = YES;
				GCC_C_LANGUAGE_STANDARD = gnu11;
				GCC_NO_COMMON_BLOCKS = YES;
				GCC_WARN_64_TO_32_BIT_CONVERSION = YES;
				GCC_WARN_ABOUT_RETURN_TYPE = YES_ERROR;
				GCC_WARN_UNDECLARED_SELECTOR = YES;
				GCC_WARN_UNINITIALIZED_AUTOS = YES_AGGRESSIVE;
				GCC_WARN_UNUSED_FUNCTION = YES;
				GCC_WARN_UNUSED_VARIABLE = YES;
				GENERATE_INFOPLIST_FILE = YES;
				INFOPLIST_KEY_NSHumanReadableCopyright = "Copyright (c) 2026 Tidyly. All rights reserved.";
				IPHONEOS_DEPLOYMENT_TARGET = 17.0;
				MACOSX_DEPLOYMENT_TARGET = 14.0;
				MARKETING_VERSION = 1.0.0;
				MTL_ENABLE_DEBUG_INFO = NO;
				MTL_FAST_MATH = YES;
				PRODUCT_NAME = "$(TARGET_NAME)";
				SWIFT_COMPILATION_MODE = wholemodule;
				SWIFT_OPTIMIZATION_LEVEL = "-O";
				SWIFT_VERSION = 5.9;
			};
			name = Release;
		};
		55369BF24681896108F052CB /* Debug */ = {
			isa = XCBuildConfiguration;
			buildSettings = {
				APPLICATION_EXTENSION_API_ONLY = YES;
				CODE_SIGN_ENTITLEMENTS = TidylyWidget/TidylyWidget.entitlements;
				CODE_SIGN_STYLE = Automatic;
				DEVELOPMENT_TEAM = VS4RFZ5734;
				INFOPLIST_FILE = TidylyWidget/Info.plist;
				IPHONEOS_DEPLOYMENT_TARGET = 17.0;
				LD_RUNPATH_SEARCH_PATHS = (
					"$(inherited)",
					"@executable_path/Frameworks",
					"@executable_path/../../Frameworks",
				);
				PRODUCT_BUNDLE_IDENTIFIER = com.tidyly.jonesweb.club.widget;
				PRODUCT_NAME = TidylyWidget;
				SDKROOT = iphoneos;
				SKIP_INSTALL = YES;
				TARGETED_DEVICE_FAMILY = "1,2";
			};
			name = Debug;
		};
		89435FDDE8C8D1ADFC5FF4BB /* Release */ = {
			isa = XCBuildConfiguration;
			buildSettings = {
				ASSETCATALOG_COMPILER_APPICON_NAME = AppIcon;
				CODE_SIGN_ENTITLEMENTS = Tidyly/Tidyly.entitlements;
				CODE_SIGN_STYLE = Automatic;
				COMBINE_HIDPI_IMAGES = YES;
				DEVELOPMENT_TEAM = VS4RFZ5734;
				INFOPLIST_KEY_CFBundleDisplayName = Tidyly;
				INFOPLIST_KEY_CFBundleURLTypes = "[{\"CFBundleURLName\":\"com.tidyly.jonesweb.club\",\"CFBundleURLSchemes\":[\"tidyly\"]}]";
				INFOPLIST_KEY_CKSharingSupported = YES;
				INFOPLIST_KEY_ITSAppUsesNonExemptEncryption = NO;
				INFOPLIST_KEY_LSApplicationCategoryType = "public.app-category.lifestyle";
				INFOPLIST_KEY_NSHumanReadableCopyright = "Copyright (c) 2026 Tidyly. All rights reserved.";
				INFOPLIST_KEY_UIApplicationSupportsIndirectInputEvents = YES;
				INFOPLIST_KEY_UIBackgroundModes = "remote-notification";
				INFOPLIST_KEY_UILaunchScreen_Generation = YES;
				INFOPLIST_KEY_UISupportedInterfaceOrientations_iPad = "UIInterfaceOrientationPortrait UIInterfaceOrientationPortraitUpsideDown UIInterfaceOrientationLandscapeLeft UIInterfaceOrientationLandscapeRight";
				INFOPLIST_KEY_UISupportedInterfaceOrientations_iPhone = "UIInterfaceOrientationPortrait UIInterfaceOrientationLandscapeLeft UIInterfaceOrientationLandscapeRight";
				LD_RUNPATH_SEARCH_PATHS = (
					"$(inherited)",
					"@executable_path/../Frameworks",
				);
				PRODUCT_BUNDLE_IDENTIFIER = com.tidyly.jonesweb.club;
				PRODUCT_NAME = Tidyly;
				SDKROOT = macosx;
				SUPPORTS_MACCATALYST = NO;
				SUPPORTS_MAC_DESIGNED_FOR_IPAD_IPHONE = NO;
				configs = "[\"Release\": [\"SWIFT_ACTIVE_COMPILATION_CONDITIONS\": \"\"], \"Debug\": [\"SWIFT_ACTIVE_COMPILATION_CONDITIONS\": \"DEBUG\"]]";
			};
			name = Release;
		};
		89953D78A12886C7BE4EA198 /* Debug */ = {
			isa = XCBuildConfiguration;
			buildSettings = {
				ASSETCATALOG_COMPILER_APPICON_NAME = AppIcon;
				CODE_SIGN_ENTITLEMENTS = Tidyly/Tidyly.entitlements;
				CODE_SIGN_IDENTITY = "iPhone Developer";
				CODE_SIGN_STYLE = Automatic;
				DEVELOPMENT_TEAM = VS4RFZ5734;
				INFOPLIST_KEY_CFBundleDisplayName = Tidyly;
				INFOPLIST_KEY_CFBundleURLTypes = "[{\"CFBundleURLName\":\"com.tidyly.jonesweb.club\",\"CFBundleURLSchemes\":[\"tidyly\"]}]";
				INFOPLIST_KEY_CKSharingSupported = YES;
				INFOPLIST_KEY_ITSAppUsesNonExemptEncryption = NO;
				INFOPLIST_KEY_LSApplicationCategoryType = "public.app-category.lifestyle";
				INFOPLIST_KEY_NSHumanReadableCopyright = "Copyright (c) 2026 Tidyly. All rights reserved.";
				INFOPLIST_KEY_UIApplicationSupportsIndirectInputEvents = YES;
				INFOPLIST_KEY_UIBackgroundModes = "remote-notification";
				INFOPLIST_KEY_UILaunchScreen_Generation = YES;
				INFOPLIST_KEY_UISupportedInterfaceOrientations_iPad = "UIInterfaceOrientationPortrait UIInterfaceOrientationPortraitUpsideDown UIInterfaceOrientationLandscapeLeft UIInterfaceOrientationLandscapeRight";
				INFOPLIST_KEY_UISupportedInterfaceOrientations_iPhone = "UIInterfaceOrientationPortrait UIInterfaceOrientationLandscapeLeft UIInterfaceOrientationLandscapeRight";
				LD_RUNPATH_SEARCH_PATHS = (
					"$(inherited)",
					"@executable_path/Frameworks",
				);
				PRODUCT_BUNDLE_IDENTIFIER = com.tidyly.jonesweb.club;
				PRODUCT_NAME = Tidyly;
				SDKROOT = iphoneos;
				SUPPORTS_MACCATALYST = NO;
				SUPPORTS_MAC_DESIGNED_FOR_IPAD_IPHONE = NO;
				TARGETED_DEVICE_FAMILY = "1,2";
				configs = "[\"Release\": [\"SWIFT_ACTIVE_COMPILATION_CONDITIONS\": \"\"], \"Debug\": [\"SWIFT_ACTIVE_COMPILATION_CONDITIONS\": \"DEBUG\"]]";
			};
			name = Debug;
		};
		8EDE745A885104D18FF7AA1C /* Debug */ = {
			isa = XCBuildConfiguration;
			buildSettings = {
				ALWAYS_SEARCH_USER_PATHS = NO;
				CLANG_ANALYZER_NONNULL = YES;
				CLANG_ANALYZER_NUMBER_OBJECT_CONVERSION = YES_AGGRESSIVE;
				CLANG_CXX_LANGUAGE_STANDARD = "gnu++14";
				CLANG_CXX_LIBRARY = "libc++";
				CLANG_ENABLE_MODULES = YES;
				CLANG_ENABLE_OBJC_ARC = YES;
				CLANG_ENABLE_OBJC_WEAK = YES;
				CLANG_WARN_BLOCK_CAPTURE_AUTORELEASING = YES;
				CLANG_WARN_BOOL_CONVERSION = YES;
				CLANG_WARN_COMMA = YES;
				CLANG_WARN_CONSTANT_CONVERSION = YES;
				CLANG_WARN_DEPRECATED_OBJC_IMPLEMENTATIONS = YES;
				CLANG_WARN_DIRECT_OBJC_ISA_USAGE = YES_ERROR;
				CLANG_WARN_DOCUMENTATION_COMMENTS = YES;
				CLANG_WARN_EMPTY_BODY = YES;
				CLANG_WARN_ENUM_CONVERSION = YES;
				CLANG_WARN_INFINITE_RECURSION = YES;
				CLANG_WARN_INT_CONVERSION = YES;
				CLANG_WARN_NON_LITERAL_NULL_CONVERSION = YES;
				CLANG_WARN_OBJC_IMPLICIT_RETAIN_SELF = YES;
				CLANG_WARN_OBJC_LITERAL_CONVERSION = YES;
				CLANG_WARN_OBJC_ROOT_CLASS = YES_ERROR;
				CLANG_WARN_QUOTED_INCLUDE_IN_FRAMEWORK_HEADER = YES;
				CLANG_WARN_RANGE_LOOP_ANALYSIS = YES;
				CLANG_WARN_STRICT_PROTOTYPES = YES;
				CLANG_WARN_SUSPICIOUS_MOVE = YES;
				CLANG_WARN_UNGUARDED_AVAILABILITY = YES_AGGRESSIVE;
				CLANG_WARN_UNREACHABLE_CODE = YES;
				CLANG_WARN__DUPLICATE_METHOD_MATCH = YES;
				COPY_PHASE_STRIP = NO;
				CURRENT_PROJECT_VERSION = 4;
				DEBUG_INFORMATION_FORMAT = dwarf;
				ENABLE_STRICT_OBJC_MSGSEND = YES;
				ENABLE_TESTABILITY = YES;
				GCC_C_LANGUAGE_STANDARD = gnu11;
				GCC_DYNAMIC_NO_PIC = NO;
				GCC_NO_COMMON_BLOCKS = YES;
				GCC_OPTIMIZATION_LEVEL = 0;
				GCC_PREPROCESSOR_DEFINITIONS = (
					"$(inherited)",
					"DEBUG=1",
				);
				GCC_WARN_64_TO_32_BIT_CONVERSION = YES;
				GCC_WARN_ABOUT_RETURN_TYPE = YES_ERROR;
				GCC_WARN_UNDECLARED_SELECTOR = YES;
				GCC_WARN_UNINITIALIZED_AUTOS = YES_AGGRESSIVE;
				GCC_WARN_UNUSED_FUNCTION = YES;
				GCC_WARN_UNUSED_VARIABLE = YES;
				GENERATE_INFOPLIST_FILE = YES;
				INFOPLIST_KEY_NSHumanReadableCopyright = "Copyright (c) 2026 Tidyly. All rights reserved.";
				IPHONEOS_DEPLOYMENT_TARGET = 17.0;
				MACOSX_DEPLOYMENT_TARGET = 14.0;
				MARKETING_VERSION = 1.0.0;
				MTL_ENABLE_DEBUG_INFO = INCLUDE_SOURCE;
				MTL_FAST_MATH = YES;
				ONLY_ACTIVE_ARCH = YES;
				PRODUCT_NAME = "$(TARGET_NAME)";
				SWIFT_ACTIVE_COMPILATION_CONDITIONS = DEBUG;
				SWIFT_OPTIMIZATION_LEVEL = "-Onone";
				SWIFT_VERSION = 5.9;
			};
			name = Debug;
		};
		CE84C8D8BA8275055DE93B86 /* Release */ = {
			isa = XCBuildConfiguration;
			buildSettings = {
				ASSETCATALOG_COMPILER_APPICON_NAME = AppIcon;
				CODE_SIGN_ENTITLEMENTS = Tidyly/Tidyly.entitlements;
				CODE_SIGN_IDENTITY = "iPhone Developer";
				CODE_SIGN_STYLE = Automatic;
				DEVELOPMENT_TEAM = VS4RFZ5734;
				INFOPLIST_KEY_CFBundleDisplayName = Tidyly;
				INFOPLIST_KEY_CFBundleURLTypes = "[{\"CFBundleURLName\":\"com.tidyly.jonesweb.club\",\"CFBundleURLSchemes\":[\"tidyly\"]}]";
				INFOPLIST_KEY_CKSharingSupported = YES;
				INFOPLIST_KEY_ITSAppUsesNonExemptEncryption = NO;
				INFOPLIST_KEY_LSApplicationCategoryType = "public.app-category.lifestyle";
				INFOPLIST_KEY_NSHumanReadableCopyright = "Copyright (c) 2026 Tidyly. All rights reserved.";
				INFOPLIST_KEY_UIApplicationSupportsIndirectInputEvents = YES;
				INFOPLIST_KEY_UIBackgroundModes = "remote-notification";
				INFOPLIST_KEY_UILaunchScreen_Generation = YES;
				INFOPLIST_KEY_UISupportedInterfaceOrientations_iPad = "UIInterfaceOrientationPortrait UIInterfaceOrientationPortraitUpsideDown UIInterfaceOrientationLandscapeLeft UIInterfaceOrientationLandscapeRight";
				INFOPLIST_KEY_UISupportedInterfaceOrientations_iPhone = "UIInterfaceOrientationPortrait UIInterfaceOrientationLandscapeLeft UIInterfaceOrientationLandscapeRight";
				LD_RUNPATH_SEARCH_PATHS = (
					"$(inherited)",
					"@executable_path/Frameworks",
				);
				PRODUCT_BUNDLE_IDENTIFIER = com.tidyly.jonesweb.club;
				PRODUCT_NAME = Tidyly;
				SDKROOT = iphoneos;
				SUPPORTS_MACCATALYST = NO;
				SUPPORTS_MAC_DESIGNED_FOR_IPAD_IPHONE = NO;
				TARGETED_DEVICE_FAMILY = "1,2";
				configs = "[\"Release\": [\"SWIFT_ACTIVE_COMPILATION_CONDITIONS\": \"\"], \"Debug\": [\"SWIFT_ACTIVE_COMPILATION_CONDITIONS\": \"DEBUG\"]]";
			};
			name = Release;
		};
		DFA8761400F2BA8A598500F0 /* Debug */ = {
			isa = XCBuildConfiguration;
			buildSettings = {
				ASSETCATALOG_COMPILER_APPICON_NAME = AppIcon;
				CODE_SIGN_ENTITLEMENTS = Tidyly/Tidyly.entitlements;
				CODE_SIGN_STYLE = Automatic;
				COMBINE_HIDPI_IMAGES = YES;
				DEVELOPMENT_TEAM = VS4RFZ5734;
				INFOPLIST_KEY_CFBundleDisplayName = Tidyly;
				INFOPLIST_KEY_CFBundleURLTypes = "[{\"CFBundleURLName\":\"com.tidyly.jonesweb.club\",\"CFBundleURLSchemes\":[\"tidyly\"]}]";
				INFOPLIST_KEY_CKSharingSupported = YES;
				INFOPLIST_KEY_ITSAppUsesNonExemptEncryption = NO;
				INFOPLIST_KEY_LSApplicationCategoryType = "public.app-category.lifestyle";
				INFOPLIST_KEY_NSHumanReadableCopyright = "Copyright (c) 2026 Tidyly. All rights reserved.";
				INFOPLIST_KEY_UIApplicationSupportsIndirectInputEvents = YES;
				INFOPLIST_KEY_UIBackgroundModes = "remote-notification";
				INFOPLIST_KEY_UILaunchScreen_Generation = YES;
				INFOPLIST_KEY_UISupportedInterfaceOrientations_iPad = "UIInterfaceOrientationPortrait UIInterfaceOrientationPortraitUpsideDown UIInterfaceOrientationLandscapeLeft UIInterfaceOrientationLandscapeRight";
				INFOPLIST_KEY_UISupportedInterfaceOrientations_iPhone = "UIInterfaceOrientationPortrait UIInterfaceOrientationLandscapeLeft UIInterfaceOrientationLandscapeRight";
				LD_RUNPATH_SEARCH_PATHS = (
					"$(inherited)",
					"@executable_path/../Frameworks",
				);
				PRODUCT_BUNDLE_IDENTIFIER = com.tidyly.jonesweb.club;
				PRODUCT_NAME = Tidyly;
				SDKROOT = macosx;
				SUPPORTS_MACCATALYST = NO;
				SUPPORTS_MAC_DESIGNED_FOR_IPAD_IPHONE = NO;
				configs = "[\"Release\": [\"SWIFT_ACTIVE_COMPILATION_CONDITIONS\": \"\"], \"Debug\": [\"SWIFT_ACTIVE_COMPILATION_CONDITIONS\": \"DEBUG\"]]";
			};
			name = Debug;
		};
		EBC05C7ECE8943C4D4AE901D /* Release */ = {
			isa = XCBuildConfiguration;
			buildSettings = {
				APPLICATION_EXTENSION_API_ONLY = YES;
				CODE_SIGN_ENTITLEMENTS = TidylyWidget/TidylyWidget.entitlements;
				CODE_SIGN_STYLE = Automatic;
				DEVELOPMENT_TEAM = VS4RFZ5734;
				INFOPLIST_FILE = TidylyWidget/Info.plist;
				IPHONEOS_DEPLOYMENT_TARGET = 17.0;
				LD_RUNPATH_SEARCH_PATHS = (
					"$(inherited)",
					"@executable_path/Frameworks",
					"@executable_path/../../Frameworks",
				);
				PRODUCT_BUNDLE_IDENTIFIER = com.tidyly.jonesweb.club.widget;
				PRODUCT_NAME = TidylyWidget;
				SDKROOT = iphoneos;
				SKIP_INSTALL = YES;
				TARGETED_DEVICE_FAMILY = "1,2";
			};
			name = Release;
		};
/* End XCBuildConfiguration section */

/* Begin XCConfigurationList section */
		301B30783F6D6E77DD1D834D /* Build configuration list for PBXProject "Tidyly" */ = {
			isa = XCConfigurationList;
			buildConfigurations = (
				8EDE745A885104D18FF7AA1C /* Debug */,
				231814527E60DE83F7B0AD3F /* Release */,
			);
			defaultConfigurationIsVisible = 0;
			defaultConfigurationName = Debug;
		};
		AC26F4DF41506B47496149A2 /* Build configuration list for PBXNativeTarget "Tidyly_iOS" */ = {
			isa = XCConfigurationList;
			buildConfigurations = (
				89953D78A12886C7BE4EA198 /* Debug */,
				CE84C8D8BA8275055DE93B86 /* Release */,
			);
			defaultConfigurationIsVisible = 0;
			defaultConfigurationName = Debug;
		};
		B500618DAA9F15EFC4AABE61 /* Build configuration list for PBXNativeTarget "Tidyly_macOS" */ = {
			isa = XCConfigurationList;
			buildConfigurations = (
				DFA8761400F2BA8A598500F0 /* Debug */,
				89435FDDE8C8D1ADFC5FF4BB /* Release */,
			);
			defaultConfigurationIsVisible = 0;
			defaultConfigurationName = Debug;
		};
		BFCF86E0725422A272A47AE5 /* Build configuration list for PBXNativeTarget "TidylyWidget" */ = {
			isa = XCConfigurationList;
			buildConfigurations = (
				55369BF24681896108F052CB /* Debug */,
				EBC05C7ECE8943C4D4AE901D /* Release */,
			);
			defaultConfigurationIsVisible = 0;
			defaultConfigurationName = Debug;
		};
/* End XCConfigurationList section */
	};
	rootObject = C0EE67B4E6239BA8FF127D6E /* Project object */;
}
